// !$*UTF8*$!
{
	archiveVersion = 1;
	classes = {
	};
	objectVersion = 51;
	objects = {

/* Begin PBXBuildFile section */
		870614702629B385002EEEE3 /* AppDelegate.swift in Sources */ = {isa = PBXBuildFile; fileRef = 8706146F2629B385002EEEE3 /* AppDelegate.swift */; };
		870614722629B385002EEEE3 /* SceneDelegate.swift in Sources */ = {isa = PBXBuildFile; fileRef = 870614712629B385002EEEE3 /* SceneDelegate.swift */; };
		870614742629B385002EEEE3 /* ViewController.swift in Sources */ = {isa = PBXBuildFile; fileRef = 870614732629B385002EEEE3 /* ViewController.swift */; };
		870614772629B385002EEEE3 /* Main.storyboard in Resources */ = {isa = PBXBuildFile; fileRef = 870614752629B385002EEEE3 /* Main.storyboard */; };
		870614792629B386002EEEE3 /* Assets.xcassets in Resources */ = {isa = PBXBuildFile; fileRef = 870614782629B386002EEEE3 /* Assets.xcassets */; };
		8706147C2629B386002EEEE3 /* LaunchScreen.storyboard in Resources */ = {isa = PBXBuildFile; fileRef = 8706147A2629B386002EEEE3 /* LaunchScreen.storyboard */; };
		870CD6CC2629C12C001812FE /* ResponseViewModel.swift in Sources */ = {isa = PBXBuildFile; fileRef = 870CD6CB2629C12C001812FE /* ResponseViewModel.swift */; };
		870CD6D02629C3E9001812FE /* ResponseModel.swift in Sources */ = {isa = PBXBuildFile; fileRef = 870CD6CF2629C3E9001812FE /* ResponseModel.swift */; };
		8717307D262DB9CB00904FE0 /* ViewControllerSequence.swift in Sources */ = {isa = PBXBuildFile; fileRef = 8717307C262DB9CB00904FE0 /* ViewControllerSequence.swift */; };
		DBE9F5C61E5FB51416BED187 /* Pods_BragiTestTask.framework in Frameworks */ = {isa = PBXBuildFile; fileRef = 46862E2B2E323B1C152892EA /* Pods_BragiTestTask.framework */; };
/* End PBXBuildFile section */

/* Begin PBXFileReference section */
		46862E2B2E323B1C152892EA /* Pods_BragiTestTask.framework */ = {isa = PBXFileReference; explicitFileType = wrapper.framework; includeInIndex = 0; path = Pods_BragiTestTask.framework; sourceTree = BUILT_PRODUCTS_DIR; };
		5EADE494307506EED7D2D585 /* Pods-BragiTestTask.release.xcconfig */ = {isa = PBXFileReference; includeInIndex = 1; lastKnownFileType = text.xcconfig; name = "Pods-BragiTestTask.release.xcconfig"; path = "Target Support Files/Pods-BragiTestTask/Pods-BragiTestTask.release.xcconfig"; sourceTree = "<group>"; };
		8706146C2629B385002EEEE3 /* BragiTestTask.app */ = {isa = PBXFileReference; explicitFileType = wrapper.application; includeInIndex = 0; path = BragiTestTask.app; sourceTree = BUILT_PRODUCTS_DIR; };
		8706146F2629B385002EEEE3 /* AppDelegate.swift */ = {isa = PBXFileReference; lastKnownFileType = sourcecode.swift; path = AppDelegate.swift; sourceTree = "<group>"; };
		870614712629B385002EEEE3 /* SceneDelegate.swift */ = {isa = PBXFileReference; lastKnownFileType = sourcecode.swift; path = SceneDelegate.swift; sourceTree = "<group>"; };
		870614732629B385002EEEE3 /* ViewController.swift */ = {isa = PBXFileReference; lastKnownFileType = sourcecode.swift; path = ViewController.swift; sourceTree = "<group>"; };
		870614762629B385002EEEE3 /* Base */ = {isa = PBXFileReference; lastKnownFileType = file.storyboard; name = Base; path = Base.lproj/Main.storyboard; sourceTree = "<group>"; };
		870614782629B386002EEEE3 /* Assets.xcassets */ = {isa = PBXFileReference; lastKnownFileType = folder.assetcatalog; path = Assets.xcassets; sourceTree = "<group>"; };
		8706147B2629B386002EEEE3 /* Base */ = {isa = PBXFileReference; lastKnownFileType = file.storyboard; name = Base; path = Base.lproj/LaunchScreen.storyboard; sourceTree = "<group>"; };
		8706147D2629B386002EEEE3 /* Info.plist */ = {isa = PBXFileReference; lastKnownFileType = text.plist.xml; path = Info.plist; sourceTree = "<group>"; };
		870CD6CB2629C12C001812FE /* ResponseViewModel.swift */ = {isa = PBXFileReference; lastKnownFileType = sourcecode.swift; name = ResponseViewModel.swift; path = ../ResponseViewModel.swift; sourceTree = "<group>"; };
		870CD6CF2629C3E9001812FE /* ResponseModel.swift */ = {isa = PBXFileReference; lastKnownFileType = sourcecode.swift; path = ResponseModel.swift; sourceTree = "<group>"; };
		8717307C262DB9CB00904FE0 /* ViewControllerSequence.swift */ = {isa = PBXFileReference; lastKnownFileType = sourcecode.swift; path = ViewControllerSequence.swift; sourceTree = "<group>"; };
		E1CB55199D3BD53EF9E52C48 /* Pods-BragiTestTask.debug.xcconfig */ = {isa = PBXFileReference; includeInIndex = 1; lastKnownFileType = text.xcconfig; name = "Pods-BragiTestTask.debug.xcconfig"; path = "Target Support Files/Pods-BragiTestTask/Pods-BragiTestTask.debug.xcconfig"; sourceTree = "<group>"; };
/* End PBXFileReference section */

/* Begin PBXFrameworksBuildPhase section */
		870614692629B385002EEEE3 /* Frameworks */ = {
			isa = PBXFrameworksBuildPhase;
			buildActionMask = 2147483647;
			files = (
				DBE9F5C61E5FB51416BED187 /* Pods_BragiTestTask.framework in Frameworks */,
			);
			runOnlyForDeploymentPostprocessing = 0;
		};
/* End PBXFrameworksBuildPhase section */

/* Begin PBXGroup section */
		518F9F6128575E889BFDABAD /* Frameworks */ = {
			isa = PBXGroup;
			children = (
				46862E2B2E323B1C152892EA /* Pods_BragiTestTask.framework */,
			);
			name = Frameworks;
			sourceTree = "<group>";
		};
		870614632629B385002EEEE3 = {
			isa = PBXGroup;
			children = (
				8706146E2629B385002EEEE3 /* BragiTestTask */,
				8706146D2629B385002EEEE3 /* Products */,
				A5634190163C37BB6E2F8A73 /* Pods */,
				518F9F6128575E889BFDABAD /* Frameworks */,
			);
			sourceTree = "<group>";
		};
		8706146D2629B385002EEEE3 /* Products */ = {
			isa = PBXGroup;
			children = (
				8706146C2629B385002EEEE3 /* BragiTestTask.app */,
			);
			name = Products;
			sourceTree = "<group>";
		};
		8706146E2629B385002EEEE3 /* BragiTestTask */ = {
			isa = PBXGroup;
			children = (
				8706146F2629B385002EEEE3 /* AppDelegate.swift */,
				870614712629B385002EEEE3 /* SceneDelegate.swift */,
				87DFCE4D262DACFA004D9732 /* StepOne */,
				8717307B262DB96100904FE0 /* StepTwo */,
				870614752629B385002EEEE3 /* Main.storyboard */,
				870614782629B386002EEEE3 /* Assets.xcassets */,
				8706147A2629B386002EEEE3 /* LaunchScreen.storyboard */,
				8706147D2629B386002EEEE3 /* Info.plist */,
			);
			path = BragiTestTask;
			sourceTree = "<group>";
		};
		8717307B262DB96100904FE0 /* StepTwo */ = {
			isa = PBXGroup;
			children = (
				8717307C262DB9CB00904FE0 /* ViewControllerSequence.swift */,
			);
			path = StepTwo;
			sourceTree = "<group>";
		};
		87DFCE4D262DACFA004D9732 /* StepOne */ = {
			isa = PBXGroup;
			children = (
				870CD6CF2629C3E9001812FE /* ResponseModel.swift */,
				870CD6CB2629C12C001812FE /* ResponseViewModel.swift */,
				870614732629B385002EEEE3 /* ViewController.swift */,
			);
			path = StepOne;
			sourceTree = "<group>";
		};
		A5634190163C37BB6E2F8A73 /* Pods */ = {
			isa = PBXGroup;
			children = (
				E1CB55199D3BD53EF9E52C48 /* Pods-BragiTestTask.debug.xcconfig */,
				5EADE494307506EED7D2D585 /* Pods-BragiTestTask.release.xcconfig */,
			);
			path = Pods;
			sourceTree = "<group>";
		};
/* End PBXGroup section */

/* Begin PBXNativeTarget section */
		8706146B2629B385002EEEE3 /* BragiTestTask */ = {
			isa = PBXNativeTarget;
			buildConfigurationList = 870614802629B386002EEEE3 /* Build configuration list for PBXNativeTarget "BragiTestTask" */;
			buildPhases = (
				0E716ACEA639AAE11B79FF0C /* [CP] Check Pods Manifest.lock */,
				870614682629B385002EEEE3 /* Sources */,
				870614692629B385002EEEE3 /* Frameworks */,
				8706146A2629B385002EEEE3 /* Resources */,
				F3047BC85C8E3BE46846A1F8 /* [CP] Embed Pods Frameworks */,
			);
			buildRules = (
			);
			dependencies = (
			);
			name = BragiTestTask;
			productName = BragiTestTask;
			productReference = 8706146C2629B385002EEEE3 /* BragiTestTask.app */;
			productType = "com.apple.product-type.application";
		};
/* End PBXNativeTarget section */

/* Begin PBXProject section */
		870614642629B385002EEEE3 /* Project object */ = {
			isa = PBXProject;
			attributes = {
				LastSwiftUpdateCheck = 1240;
				LastUpgradeCheck = 1240;
				TargetAttributes = {
					8706146B2629B385002EEEE3 = {
						CreatedOnToolsVersion = 12.4;
					};
				};
			};
			buildConfigurationList = 870614672629B385002EEEE3 /* Build configuration list for PBXProject "BragiTestTask" */;
			compatibilityVersion = "Xcode 9.3";
			developmentRegion = en;
			hasScannedForEncodings = 0;
			knownRegions = (
				en,
				Base,
			);
			mainGroup = 870614632629B385002EEEE3;
			productRefGroup = 8706146D2629B385002EEEE3 /* Products */;
			projectDirPath = "";
			projectRoot = "";
			targets = (
				8706146B2629B385002EEEE3 /* BragiTestTask */,
			);
		};
/* End PBXProject section */

/* Begin PBXResourcesBuildPhase section */
		8706146A2629B385002EEEE3 /* Resources */ = {
			isa = PBXResourcesBuildPhase;
			buildActionMask = 2147483647;
			files = (
				8706147C2629B386002EEEE3 /* LaunchScreen.storyboard in Resources */,
				870614792629B386002EEEE3 /* Assets.xcassets in Resources */,
				870614772629B385002EEEE3 /* Main.storyboard in Resources */,
			);
			runOnlyForDeploymentPostprocessing = 0;
		};
/* End PBXResourcesBuildPhase section */

/* Begin PBXShellScriptBuildPhase section */
		0E716ACEA639AAE11B79FF0C /* [CP] Check Pods Manifest.lock */ = {
			isa = PBXShellScriptBuildPhase;
			buildActionMask = 2147483647;
			files = (
			);
			inputFileListPaths = (
			);
			inputPaths = (
				"${PODS_PODFILE_DIR_PATH}/Podfile.lock",
				"${PODS_ROOT}/Manifest.lock",
			);
			name = "[CP] Check Pods Manifest.lock";
			outputFileListPaths = (
			);
			outputPaths = (
				"$(DERIVED_FILE_DIR)/Pods-BragiTestTask-checkManifestLockResult.txt",
			);
			runOnlyForDeploymentPostprocessing = 0;
			shellPath = /bin/sh;
			shellScript = "diff \"${PODS_PODFILE_DIR_PATH}/Podfile.lock\" \"${PODS_ROOT}/Manifest.lock\" > /dev/null\nif [ $? != 0 ] ; then\n    # print error to STDERR\n    echo \"error: The sandbox is not in sync with the Podfile.lock. Run 'pod install' or update your CocoaPods installation.\" >&2\n    exit 1\nfi\n# This output is used by Xcode 'outputs' to avoid re-running this script phase.\necho \"SUCCESS\" > \"${SCRIPT_OUTPUT_FILE_0}\"\n";
			showEnvVarsInLog = 0;
		};
		F3047BC85C8E3BE46846A1F8 /* [CP] Embed Pods Frameworks */ = {
			isa = PBXShellScriptBuildPhase;
			buildActionMask = 2147483647;
			files = (
			);
			inputFileListPaths = (
				"${PODS_ROOT}/Target Support Files/Pods-BragiTestTask/Pods-BragiTestTask-frameworks-${CONFIGURATION}-input-files.xcfilelist",
			);
			name = "[CP] Embed Pods Frameworks";
			outputFileListPaths = (
				"${PODS_ROOT}/Target Support Files/Pods-BragiTestTask/Pods-BragiTestTask-frameworks-${CONFIGURATION}-output-files.xcfilelist",
			);
			runOnlyForDeploymentPostprocessing = 0;
			shellPath = /bin/sh;
			shellScript = "\"${PODS_ROOT}/Target Support Files/Pods-BragiTestTask/Pods-BragiTestTask-frameworks.sh\"\n";
			showEnvVarsInLog = 0;
		};
/* End PBXShellScriptBuildPhase section */

/* Begin PBXSourcesBuildPhase section */
		870614682629B385002EEEE3 /* Sources */ = {
			isa = PBXSourcesBuildPhase;
			buildActionMask = 2147483647;
			files = (
				870614742629B385002EEEE3 /* ViewController.swift in Sources */,
				870CD6CC2629C12C001812FE /* ResponseViewModel.swift in Sources */,
				870614702629B385002EEEE3 /* AppDelegate.swift in Sources */,
				8717307D262DB9CB00904FE0 /* ViewControllerSequence.swift in Sources */,
				870CD6D02629C3E9001812FE /* ResponseModel.swift in Sources */,
				870614722629B385002EEEE3 /* SceneDelegate.swift in Sources */,
			);
			runOnlyForDeploymentPostprocessing = 0;
		};
/* End PBXSourcesBuildPhase section */

/* Begin PBXVariantGroup section */
		870614752629B385002EEEE3 /* Main.storyboard */ = {
			isa = PBXVariantGroup;
			children = (
				870614762629B385002EEEE3 /* Base */,
			);
			name = Main.storyboard;
			sourceTree = "<group>";
		};
		8706147A2629B386002EEEE3 /* LaunchScreen.storyboard */ = {
			isa = PBXVariantGroup;
			children = (
				8706147B2629B386002EEEE3 /* Base */,
			);
			name = LaunchScreen.storyboard;
			sourceTree = "<group>";
		};
/* End PBXVariantGroup section */

/* Begin XCBuildConfiguration section */
		8706147E2629B386002EEEE3 /* Debug */ = {
			isa = XCBuildConfiguration;
			buildSettings = {
				ALWAYS_SEARCH_USER_PATHS = NO;
				CLANG_ANALYZER_NONNULL = YES;
				CLANG_ANALYZER_NUMBER_OBJECT_CONVERSION = YES_AGGRESSIVE;
				CLANG_CXX_LANGUAGE_STANDARD = "gnu++14";
				CLANG_CXX_LIBRARY = "libc++";
				CLANG_ENABLE_MODULES = YES;
				CLANG_ENABLE_OBJC_ARC = YES;
				CLANG_ENABLE_OBJC_WEAK = YES;
				CLANG_WARN_BLOCK_CAPTURE_AUTORELEASING = YES;
				CLANG_WARN_BOOL_CONVERSION = YES;
				CLANG_WARN_COMMA = YES;
				CLANG_WARN_CONSTANT_CONVERSION = YES;
				CLANG_WARN_DEPRECATED_OBJC_IMPLEMENTATIONS = YES;
				CLANG_WARN_DIRECT_OBJC_ISA_USAGE = YES_ERROR;
				CLANG_WARN_DOCUMENTATION_COMMENTS = YES;
				CLANG_WARN_EMPTY_BODY = YES;
				CLANG_WARN_ENUM_CONVERSION = YES;
				CLANG_WARN_INFINITE_RECURSION = YES;
				CLANG_WARN_INT_CONVERSION = YES;
				CLANG_WARN_NON_LITERAL_NULL_CONVERSION = YES;
				CLANG_WARN_OBJC_IMPLICIT_RETAIN_SELF = YES;
				CLANG_WARN_OBJC_LITERAL_CONVERSION = YES;
				CLANG_WARN_OBJC_ROOT_CLASS = YES_ERROR;
				CLANG_WARN_QUOTED_INCLUDE_IN_FRAMEWORK_HEADER = YES;
				CLANG_WARN_RANGE_LOOP_ANALYSIS = YES;
				CLANG_WARN_STRICT_PROTOTYPES = YES;
				CLANG_WARN_SUSPICIOUS_MOVE = YES;
				CLANG_WARN_UNGUARDED_AVAILABILITY = YES_AGGRESSIVE;
				CLANG_WARN_UNREACHABLE_CODE = YES;
				CLANG_WARN__DUPLICATE_METHOD_MATCH = YES;
				COPY_PHASE_STRIP = NO;
				DEBUG_INFORMATION_FORMAT = dwarf;
				ENABLE_STRICT_OBJC_MSGSEND = YES;
				ENABLE_TESTABILITY = YES;
				GCC_C_LANGUAGE_STANDARD = gnu11;
				GCC_DYNAMIC_NO_PIC = NO;
				GCC_NO_COMMON_BLOCKS = YES;
				GCC_OPTIMIZATION_LEVEL = 0;
				GCC_PREPROCESSOR_DEFINITIONS = (
					"DEBUG=1",
					"$(inherited)",
				);
				GCC_WARN_64_TO_32_BIT_CONVERSION = YES;
				GCC_WARN_ABOUT_RETURN_TYPE = YES_ERROR;
				GCC_WARN_UNDECLARED_SELECTOR = YES;
				GCC_WARN_UNINITIALIZED_AUTOS = YES_AGGRESSIVE;
				GCC_WARN_UNUSED_FUNCTION = YES;
				GCC_WARN_UNUSED_VARIABLE = YES;
				IPHONEOS_DEPLOYMENT_TARGET = 14.4;
				MTL_ENABLE_DEBUG_INFO = INCLUDE_SOURCE;
				MTL_FAST_MATH = YES;
				ONLY_ACTIVE_ARCH = YES;
				SDKROOT = iphoneos;
				SWIFT_ACTIVE_COMPILATION_CONDITIONS = DEBUG;
				SWIFT_OPTIMIZATION_LEVEL = "-Onone";
			};
			name = Debug;
		};
		8706147F2629B386002EEEE3 /* Release */ = {
			isa = XCBuildConfiguration;
			buildSettings = {
				ALWAYS_SEARCH_USER_PATHS = NO;
				CLANG_ANALYZER_NONNULL = YES;
				CLANG_ANALYZER_NUMBER_OBJECT_CONVERSION = YES_AGGRESSIVE;
				CLANG_CXX_LANGUAGE_STANDARD = "gnu++14";
				CLANG_CXX_LIBRARY = "libc++";
				CLANG_ENABLE_MODULES = YES;
				CLANG_ENABLE_OBJC_ARC = YES;
				CLANG_ENABLE_OBJC_WEAK = YES;
				CLANG_WARN_BLOCK_CAPTURE_AUTORELEASING = YES;
				CLANG_WARN_BOOL_CONVERSION = YES;
				CLANG_WARN_COMMA = YES;
				CLANG_WARN_CONSTANT_CONVERSION = YES;
				CLANG_WARN_DEPRECATED_OBJC_IMPLEMENTATIONS = YES;
				CLANG_WARN_DIRECT_OBJC_ISA_USAGE = YES_ERROR;
				CLANG_WARN_DOCUMENTATION_COMMENTS = YES;
				CLANG_WARN_EMPTY_BODY = YES;
				CLANG_WARN_ENUM_CONVERSION = YES;
				CLANG_WARN_INFINITE_RECURSION = YES;
				CLANG_WARN_INT_CONVERSION = YES;
				CLANG_WARN_NON_LITERAL_NULL_CONVERSION = YES;
				CLANG_WARN_OBJC_IMPLICIT_RETAIN_SELF = YES;
				CLANG_WARN_OBJC_LITERAL_CONVERSION = YES;
				CLANG_WARN_OBJC_ROOT_CLASS = YES_ERROR;
				CLANG_WARN_QUOTED_INCLUDE_IN_FRAMEWORK_HEADER = YES;
				CLANG_WARN_RANGE_LOOP_ANALYSIS = YES;
				CLANG_WARN_STRICT_PROTOTYPES = YES;
				CLANG_WARN_SUSPICIOUS_MOVE = YES;
				CLANG_WARN_UNGUARDED_AVAILABILITY = YES_AGGRESSIVE;
				CLANG_WARN_UNREACHABLE_CODE = YES;
				CLANG_WARN__DUPLICATE_METHOD_MATCH = YES;
				COPY_PHASE_STRIP = NO;
				DEBUG_INFORMATION_FORMAT = "dwarf-with-dsym";
				ENABLE_NS_ASSERTIONS = NO;
				ENABLE_STRICT_OBJC_MSGSEND = YES;
				GCC_C_LANGUAGE_STANDARD = gnu11;
				GCC_NO_COMMON_BLOCKS = YES;
				GCC_WARN_64_TO_32_BIT_CONVERSION = YES;
				GCC_WARN_ABOUT_RETURN_TYPE = YES_ERROR;
				GCC_WARN_UNDECLARED_SELECTOR = YES;
				GCC_WARN_UNINITIALIZED_AUTOS = YES_AGGRESSIVE;
				GCC_WARN_UNUSED_FUNCTION = YES;
				GCC_WARN_UNUSED_VARIABLE = YES;
				IPHONEOS_DEPLOYMENT_TARGET = 14.4;
				MTL_ENABLE_DEBUG_INFO = NO;
				MTL_FAST_MATH = YES;
				SDKROOT = iphoneos;
				SWIFT_COMPILATION_MODE = wholemodule;
				SWIFT_OPTIMIZATION_LEVEL = "-O";
				VALIDATE_PRODUCT = YES;
			};
			name = Release;
		};
		870614812629B386002EEEE3 /* Debug */ = {
			isa = XCBuildConfiguration;
			baseConfigurationReference = E1CB55199D3BD53EF9E52C48 /* Pods-BragiTestTask.debug.xcconfig */;
			buildSettings = {
				ASSETCATALOG_COMPILER_APPICON_NAME = AppIcon;
				ASSETCATALOG_COMPILER_GLOBAL_ACCENT_COLOR_NAME = AccentColor;
				CODE_SIGN_STYLE = Automatic;
				INFOPLIST_FILE = BragiTestTask/Info.plist;
				LD_RUNPATH_SEARCH_PATHS = (
					"$(inherited)",
					"@executable_path/Frameworks",
				);
				PRODUCT_BUNDLE_IDENTIFIER = "Vladyslav-Gubanov.BragiTestTask";
				PRODUCT_NAME = "$(TARGET_NAME)";
				SWIFT_VERSION = 5.0;
				TARGETED_DEVICE_FAMILY = "1,2";
			};
			name = Debug;
		};
		870614822629B386002EEEE3 /* Release */ = {
			isa = XCBuildConfiguration;
			baseConfigurationReference = 5EADE494307506EED7D2D585 /* Pods-BragiTestTask.release.xcconfig */;
			buildSettings = {
				ASSETCATALOG_COMPILER_APPICON_NAME = AppIcon;
				ASSETCATALOG_COMPILER_GLOBAL_ACCENT_COLOR_NAME = AccentColor;
				CODE_SIGN_STYLE = Automatic;
				INFOPLIST_FILE = BragiTestTask/Info.plist;
				LD_RUNPATH_SEARCH_PATHS = (
					"$(inherited)",
					"@executable_path/Frameworks",
				);
				PRODUCT_BUNDLE_IDENTIFIER = "Vladyslav-Gubanov.BragiTestTask";
				PRODUCT_NAME = "$(TARGET_NAME)";
				SWIFT_VERSION = 5.0;
				TARGETED_DEVICE_FAMILY = "1,2";
			};
			name = Release;
		};
/* End XCBuildConfiguration section */

/* Begin XCConfigurationList section */
		870614672629B385002EEEE3 /* Build configuration list for PBXProject "BragiTestTask" */ = {
			isa = XCConfigurationList;
			buildConfigurations = (
				8706147E2629B386002EEEE3 /* Debug */,
				8706147F2629B386002EEEE3 /* Release */,
			);
			defaultConfigurationIsVisible = 0;
			defaultConfigurationName = Release;
		};
		870614802629B386002EEEE3 /* Build configuration list for PBXNativeTarget "BragiTestTask" */ = {
			isa = XCConfigurationList;
			buildConfigurations = (
				870614812629B386002EEEE3 /* Debug */,
				870614822629B386002EEEE3 /* Release */,
			);
			defaultConfigurationIsVisible = 0;
			defaultConfigurationName = Release;
		};
/* End XCConfigurationList section */
	};
	rootObject = 870614642629B385002EEEE3 /* Project object */;
}
